
Microsoft Visual Studio Solution File, Format Version 12.00
# Visual Studio Version 16
VisualStudioVersion = 16.0.29503.13
MinimumVisualStudioVersion = 10.0.40219.1
Project("{9A19103F-16F7-4668-BE54-9A1E7A4F7556}") = "API", "API.csproj", "{EFA1F62F-050C-4F84-9513-3743EF9DFAA2}"
EndProject
Project("{FAE04EC0-301F-11D3-BF4B-00C04F79EFBC}") = "UnitTest", "..\UnitTest\UnitTest.csproj", "{6C34D800-80EA-4D55-8719-63982981D72F}"
EndProject
Global
	GlobalSection(SolutionConfigurationPlatforms) = preSolution
		Debug|Any CPU = Debug|Any CPU
		Release|Any CPU = Release|Any CPU
	EndGlobalSection
	GlobalSection(ProjectConfigurationPlatforms) = postSolution
		{EFA1F62F-050C-4F84-9513-3743EF9DFAA2}.Debug|Any CPU.ActiveCfg = Debug|Any CPU
		{EFA1F62F-050C-4F84-9513-3743EF9DFAA2}.Debug|Any CPU.Build.0 = Debug|Any CPU
		{EFA1F62F-050C-4F84-9513-3743EF9DFAA2}.Release|Any CPU.ActiveCfg = Release|Any CPU
		{EFA1F62F-050C-4F84-9513-3743EF9DFAA2}.Release|Any CPU.Build.0 = Release|Any CPU
		{6C34D800-80EA-4D55-8719-63982981D72F}.Debug|Any CPU.ActiveCfg = Debug|Any CPU
		{6C34D800-80EA-4D55-8719-63982981D72F}.Debug|Any CPU.Build.0 = Debug|Any CPU
		{6C34D800-80EA-4D55-8719-63982981D72F}.Release|Any CPU.ActiveCfg = Release|Any CPU
		{6C34D800-80EA-4D55-8719-63982981D72F}.Release|Any CPU.Build.0 = Release|Any CPU
	EndGlobalSection
	GlobalSection(SolutionProperties) = preSolution
		HideSolutionNode = FALSE
	EndGlobalSection
	GlobalSection(ExtensibilityGlobals) = postSolution
		SolutionGuid = {CD7796CA-6EE0-4B36-A8FE-C5171F4B9752}
	EndGlobalSection
EndGlobal
